// !$*UTF8*$!
{
	archiveVersion = 1;
	classes = {
	};
	objectVersion = 46;
	objects = {

/* Begin PBXBuildFile section */
		A07547B61C9F299A00C6EEAF /* Kimara.swift in Sources */ = {isa = PBXBuildFile; fileRef = A07547B51C9F299A00C6EEAF /* Kimara.swift */; };
		A07547B81C9F29E900C6EEAF /* DevilWizard.swift in Sources */ = {isa = PBXBuildFile; fileRef = A07547B71C9F29E900C6EEAF /* DevilWizard.swift */; };
		A07566B91C96159900B4BF65 /* AppDelegate.swift in Sources */ = {isa = PBXBuildFile; fileRef = A07566B81C96159900B4BF65 /* AppDelegate.swift */; };
		A07566BB1C96159900B4BF65 /* ViewController.swift in Sources */ = {isa = PBXBuildFile; fileRef = A07566BA1C96159900B4BF65 /* ViewController.swift */; };
		A07566BE1C96159900B4BF65 /* Main.storyboard in Resources */ = {isa = PBXBuildFile; fileRef = A07566BC1C96159900B4BF65 /* Main.storyboard */; };
		A07566C01C96159900B4BF65 /* Assets.xcassets in Resources */ = {isa = PBXBuildFile; fileRef = A07566BF1C96159900B4BF65 /* Assets.xcassets */; };
		A07566C31C96159900B4BF65 /* LaunchScreen.storyboard in Resources */ = {isa = PBXBuildFile; fileRef = A07566C11C96159900B4BF65 /* LaunchScreen.storyboard */; };
		A0799CF61C9B232B002F85B6 /* Enemy.swift in Sources */ = {isa = PBXBuildFile; fileRef = A0799CF51C9B232B002F85B6 /* Enemy.swift */; };
		A080B73C1C98A11C000CF337 /* Player.swift in Sources */ = {isa = PBXBuildFile; fileRef = A080B73B1C98A11C000CF337 /* Player.swift */; };
		A092FB661C974064003B1879 /* Character.swift in Sources */ = {isa = PBXBuildFile; fileRef = A092FB651C974064003B1879 /* Character.swift */; };
/* End PBXBuildFile section */

/* Begin PBXFileReference section */
		A07547B51C9F299A00C6EEAF /* Kimara.swift */ = {isa = PBXFileReference; fileEncoding = 4; lastKnownFileType = sourcecode.swift; path = Kimara.swift; sourceTree = "<group>"; };
		A07547B71C9F29E900C6EEAF /* DevilWizard.swift */ = {isa = PBXFileReference; fileEncoding = 4; lastKnownFileType = sourcecode.swift; path = DevilWizard.swift; sourceTree = "<group>"; };
		A07566B51C96159900B4BF65 /* FinalAttack.app */ = {isa = PBXFileReference; explicitFileType = wrapper.application; includeInIndex = 0; path = FinalAttack.app; sourceTree = BUILT_PRODUCTS_DIR; };
		A07566B81C96159900B4BF65 /* AppDelegate.swift */ = {isa = PBXFileReference; lastKnownFileType = sourcecode.swift; path = AppDelegate.swift; sourceTree = "<group>"; };
		A07566BA1C96159900B4BF65 /* ViewController.swift */ = {isa = PBXFileReference; lastKnownFileType = sourcecode.swift; path = ViewController.swift; sourceTree = "<group>"; };
		A07566BD1C96159900B4BF65 /* Base */ = {isa = PBXFileReference; lastKnownFileType = file.storyboard; name = Base; path = Base.lproj/Main.storyboard; sourceTree = "<group>"; };
		A07566BF1C96159900B4BF65 /* Assets.xcassets */ = {isa = PBXFileReference; lastKnownFileType = folder.assetcatalog; path = Assets.xcassets; sourceTree = "<group>"; };
		A07566C21C96159900B4BF65 /* Base */ = {isa = PBXFileReference; lastKnownFileType = file.storyboard; name = Base; path = Base.lproj/LaunchScreen.storyboard; sourceTree = "<group>"; };
		A07566C41C96159900B4BF65 /* Info.plist */ = {isa = PBXFileReference; lastKnownFileType = text.plist.xml; path = Info.plist; sourceTree = "<group>"; };
		A0799CF51C9B232B002F85B6 /* Enemy.swift */ = {isa = PBXFileReference; fileEncoding = 4; lastKnownFileType = sourcecode.swift; path = Enemy.swift; sourceTree = "<group>"; };
		A080B73B1C98A11C000CF337 /* Player.swift */ = {isa = PBXFileReference; fileEncoding = 4; lastKnownFileType = sourcecode.swift; path = Player.swift; sourceTree = "<group>"; };
		A092FB651C974064003B1879 /* Character.swift */ = {isa = PBXFileReference; fileEncoding = 4; lastKnownFileType = sourcecode.swift; path = Character.swift; sourceTree = "<group>"; };
/* End PBXFileReference section */

/* Begin PBXFrameworksBuildPhase section */
		A07566B21C96159900B4BF65 /* Frameworks */ = {
			isa = PBXFrameworksBuildPhase;
			buildActionMask = 2147483647;
			files = (
			);
			runOnlyForDeploymentPostprocessing = 0;
		};
/* End PBXFrameworksBuildPhase section */

/* Begin PBXGroup section */
		A07566AC1C96159900B4BF65 = {
			isa = PBXGroup;
			children = (
				A07566B71C96159900B4BF65 /* FinalAttack */,
				A07566B61C96159900B4BF65 /* Products */,
			);
			sourceTree = "<group>";
		};
		A07566B61C96159900B4BF65 /* Products */ = {
			isa = PBXGroup;
			children = (
				A07566B51C96159900B4BF65 /* FinalAttack.app */,
			);
			name = Products;
			sourceTree = "<group>";
		};
		A07566B71C96159900B4BF65 /* FinalAttack */ = {
			isa = PBXGroup;
			children = (
				A07566B81C96159900B4BF65 /* AppDelegate.swift */,
				A07566BA1C96159900B4BF65 /* ViewController.swift */,
				A07566BC1C96159900B4BF65 /* Main.storyboard */,
				A07566BF1C96159900B4BF65 /* Assets.xcassets */,
				A07566C11C96159900B4BF65 /* LaunchScreen.storyboard */,
				A07566C41C96159900B4BF65 /* Info.plist */,
				A092FB651C974064003B1879 /* Character.swift */,
				A080B73B1C98A11C000CF337 /* Player.swift */,
				A0799CF51C9B232B002F85B6 /* Enemy.swift */,
				A07547B51C9F299A00C6EEAF /* Kimara.swift */,
				A07547B71C9F29E900C6EEAF /* DevilWizard.swift */,
			);
			path = FinalAttack;
			sourceTree = "<group>";
		};
/* End PBXGroup section */

/* Begin PBXNativeTarget section */
		A07566B41C96159900B4BF65 /* FinalAttack */ = {
			isa = PBXNativeTarget;
			buildConfigurationList = A07566C71C96159900B4BF65 /* Build configuration list for PBXNativeTarget "FinalAttack" */;
			buildPhases = (
				A07566B11C96159900B4BF65 /* Sources */,
				A07566B21C96159900B4BF65 /* Frameworks */,
				A07566B31C96159900B4BF65 /* Resources */,
			);
			buildRules = (
			);
			dependencies = (
			);
			name = FinalAttack;
			productName = FinalAttack;
			productReference = A07566B51C96159900B4BF65 /* FinalAttack.app */;
			productType = "com.apple.product-type.application";
		};
/* End PBXNativeTarget section */

/* Begin PBXProject section */
		A07566AD1C96159900B4BF65 /* Project object */ = {
			isa = PBXProject;
			attributes = {
				LastSwiftUpdateCheck = 0730;
				LastUpgradeCheck = 0730;
				ORGANIZATIONNAME = "Abhishek H P";
				TargetAttributes = {
					A07566B41C96159900B4BF65 = {
						CreatedOnToolsVersion = 7.3;
						DevelopmentTeam = XZLS43B666;
					};
				};
			};
			buildConfigurationList = A07566B01C96159900B4BF65 /* Build configuration list for PBXProject "FinalAttack" */;
			compatibilityVersion = "Xcode 3.2";
			developmentRegion = English;
			hasScannedForEncodings = 0;
			knownRegions = (
				en,
				Base,
			);
			mainGroup = A07566AC1C96159900B4BF65;
			productRefGroup = A07566B61C96159900B4BF65 /* Products */;
			projectDirPath = "";
			projectRoot = "";
			targets = (
				A07566B41C96159900B4BF65 /* FinalAttack */,
			);
		};
/* End PBXProject section */

/* Begin PBXResourcesBuildPhase section */
		A07566B31C96159900B4BF65 /* Resources */ = {
			isa = PBXResourcesBuildPhase;
			buildActionMask = 2147483647;
			files = (
				A07566C31C96159900B4BF65 /* LaunchScreen.storyboard in Resources */,
				A07566C01C96159900B4BF65 /* Assets.xcassets in Resources */,
				A07566BE1C96159900B4BF65 /* Main.storyboard in Resources */,
			);
			runOnlyForDeploymentPostprocessing = 0;
		};
/* End PBXResourcesBuildPhase section */

/* Begin PBXSourcesBuildPhase section */
		A07566B11C96159900B4BF65 /* Sources */ = {
			isa = PBXSourcesBuildPhase;
			buildActionMask = 2147483647;
			files = (
				A080B73C1C98A11C000CF337 /* Player.swift in Sources */,
				A0799CF61C9B232B002F85B6 /* Enemy.swift in Sources */,
				A07547B81C9F29E900C6EEAF /* DevilWizard.swift in Sources */,
				A07547B61C9F299A00C6EEAF /* Kimara.swift in Sources */,
				A092FB661C974064003B1879 /* Character.swift in Sources */,
				A07566BB1C96159900B4BF65 /* ViewController.swift in Sources */,
				A07566B91C96159900B4BF65 /* AppDelegate.swift in Sources */,
			);
			runOnlyForDeploymentPostprocessing = 0;
		};
/* End PBXSourcesBuildPhase section */

/* Begin PBXVariantGroup section */
		A07566BC1C96159900B4BF65 /* Main.storyboard */ = {
			isa = PBXVariantGroup;
			children = (
				A07566BD1C96159900B4BF65 /* Base */,
			);
			name = Main.storyboard;
			sourceTree = "<group>";
		};
		A07566C11C96159900B4BF65 /* LaunchScreen.storyboard */ = {
			isa = PBXVariantGroup;
			children = (
				A07566C21C96159900B4BF65 /* Base */,
			);
			name = LaunchScreen.storyboard;
			sourceTree = "<group>";
		};
/* End PBXVariantGroup section */

/* Begin XCBuildConfiguration section */
		A07566C51C96159900B4BF65 /* Debug */ = {
			isa = XCBuildConfiguration;
			buildSettings = {
				ALWAYS_SEARCH_USER_PATHS = NO;
				CLANG_CXX_LANGUAGE_STANDARD = "gnu++0x";
				CLANG_CXX_LIBRARY = "libc++";
				CLANG_ENABLE_MODULES = YES;
				CLANG_ENABLE_OBJC_ARC = YES;
				CLANG_WARN_BOOL_CONVERSION = YES;
				CLANG_WARN_CONSTANT_CONVERSION = YES;
				CLANG_WARN_DIRECT_OBJC_ISA_USAGE = YES_ERROR;
				CLANG_WARN_EMPTY_BODY = YES;
				CLANG_WARN_ENUM_CONVERSION = YES;
				CLANG_WARN_INT_CONVERSION = YES;
				CLANG_WARN_OBJC_ROOT_CLASS = YES_ERROR;
				CLANG_WARN_UNREACHABLE_CODE = YES;
				CLANG_WARN__DUPLICATE_METHOD_MATCH = YES;
				"CODE_SIGN_IDENTITY[sdk=iphoneos*]" = "iPhone Developer";
				COPY_PHASE_STRIP = NO;
				DEBUG_INFORMATION_FORMAT = dwarf;
				ENABLE_STRICT_OBJC_MSGSEND = YES;
				ENABLE_TESTABILITY = YES;
				GCC_C_LANGUAGE_STANDARD = gnu99;
				GCC_DYNAMIC_NO_PIC = NO;
				GCC_NO_COMMON_BLOCKS = YES;
				GCC_OPTIMIZATION_LEVEL = 0;
				GCC_PREPROCESSOR_DEFINITIONS = (
					"DEBUG=1",
					"$(inherited)",
				);
				GCC_WARN_64_TO_32_BIT_CONVERSION = YES;
				GCC_WARN_ABOUT_RETURN_TYPE = YES_ERROR;
				GCC_WARN_UNDECLARED_SELECTOR = YES;
				GCC_WARN_UNINITIALIZED_AUTOS = YES_AGGRESSIVE;
				GCC_WARN_UNUSED_FUNCTION = YES;
				GCC_WARN_UNUSED_VARIABLE = YES;
				IPHONEOS_DEPLOYMENT_TARGET = 9.3;
				MTL_ENABLE_DEBUG_INFO = YES;
				ONLY_ACTIVE_ARCH = YES;
				SDKROOT = iphoneos;
				SWIFT_OPTIMIZATION_LEVEL = "-Onone";
			};
			name = Debug;
		};
		A07566C61C96159900B4BF65 /* Release */ = {
			isa = XCBuildConfiguration;
			buildSettings = {
				ALWAYS_SEARCH_USER_PATHS = NO;
				CLANG_CXX_LANGUAGE_STANDARD = "gnu++0x";
				CLANG_CXX_LIBRARY = "libc++";
				CLANG_ENABLE_MODULES = YES;
				CLANG_ENABLE_OBJC_ARC = YES;
				CLANG_WARN_BOOL_CONVERSION = YES;
				CLANG_WARN_CONSTANT_CONVERSION = YES;
				CLANG_WARN_DIRECT_OBJC_ISA_USAGE = YES_ERROR;
				CLANG_WARN_EMPTY_BODY = YES;
				CLANG_WARN_ENUM_CONVERSION = YES;
				CLANG_WARN_INT_CONVERSION = YES;
				CLANG_WARN_OBJC_ROOT_CLASS = YES_ERROR;
				CLANG_WARN_UNREACHABLE_CODE = YES;
				CLANG_WARN__DUPLICATE_METHOD_MATCH = YES;
				"CODE_SIGN_IDENTITY[sdk=iphoneos*]" = "iPhone Developer";
				COPY_PHASE_STRIP = NO;
				DEBUG_INFORMATION_FORMAT = "dwarf-with-dsym";
				ENABLE_NS_ASSERTIONS = NO;
				ENABLE_STRICT_OBJC_MSGSEND = YES;
				GCC_C_LANGUAGE_STANDARD = gnu99;
				GCC_NO_COMMON_BLOCKS = YES;
				GCC_WARN_64_TO_32_BIT_CONVERSION = YES;
				GCC_WARN_ABOUT_RETURN_TYPE = YES_ERROR;
				GCC_WARN_UNDECLARED_SELECTOR = YES;
				GCC_WARN_UNINITIALIZED_AUTOS = YES_AGGRESSIVE;
				GCC_WARN_UNUSED_FUNCTION = YES;
				GCC_WARN_UNUSED_VARIABLE = YES;
				IPHONEOS_DEPLOYMENT_TARGET = 9.3;
				MTL_ENABLE_DEBUG_INFO = NO;
				SDKROOT = iphoneos;
				VALIDATE_PRODUCT = YES;
			};
			name = Release;
		};
		A07566C81C96159900B4BF65 /* Debug */ = {
			isa = XCBuildConfiguration;
			buildSettings = {
				ASSETCATALOG_COMPILER_APPICON_NAME = AppIcon;
				CODE_SIGN_IDENTITY = "iPhone Developer";
				"CODE_SIGN_IDENTITY[sdk=iphoneos*]" = "iPhone Developer";
				INFOPLIST_FILE = FinalAttack/Info.plist;
				IPHONEOS_DEPLOYMENT_TARGET = 9.0;
				LD_RUNPATH_SEARCH_PATHS = "$(inherited) @executable_path/Frameworks";
				PRODUCT_BUNDLE_IDENTIFIER = com.abs.FinalAttack.FinalAttack;
				PRODUCT_NAME = "$(TARGET_NAME)";
				PROVISIONING_PROFILE = "";
			};
			name = Debug;
		};
		A07566C91C96159900B4BF65 /* Release */ = {
			isa = XCBuildConfiguration;
			buildSettings = {
				ASSETCATALOG_COMPILER_APPICON_NAME = AppIcon;
				CODE_SIGN_IDENTITY = "iPhone Developer";
				"CODE_SIGN_IDENTITY[sdk=iphoneos*]" = "iPhone Developer";
				INFOPLIST_FILE = FinalAttack/Info.plist;
				IPHONEOS_DEPLOYMENT_TARGET = 9.0;
				LD_RUNPATH_SEARCH_PATHS = "$(inherited) @executable_path/Frameworks";
				PRODUCT_BUNDLE_IDENTIFIER = com.abs.FinalAttack.FinalAttack;
				PRODUCT_NAME = "$(TARGET_NAME)";
				PROVISIONING_PROFILE = "";
			};
			name = Release;
		};
/* End XCBuildConfiguration section */

/* Begin XCConfigurationList section */
		A07566B01C96159900B4BF65 /* Build configuration list for PBXProject "FinalAttack" */ = {
			isa = XCConfigurationList;
			buildConfigurations = (
				A07566C51C96159900B4BF65 /* Debug */,
				A07566C61C96159900B4BF65 /* Release */,
			);
			defaultConfigurationIsVisible = 0;
			defaultConfigurationName = Release;
		};
		A07566C71C96159900B4BF65 /* Build configuration list for PBXNativeTarget "FinalAttack" */ = {
			isa = XCConfigurationList;
			buildConfigurations = (
				A07566C81C96159900B4BF65 /* Debug */,
				A07566C91C96159900B4BF65 /* Release */,
			);
			defaultConfigurationIsVisible = 0;
			defaultConfigurationName = Release;
		};
/* End XCConfigurationList section */
	};
	rootObject = A07566AD1C96159900B4BF65 /* Project object */;
}
